// !$*UTF8*$!
{
	archiveVersion = 1;
	classes = {
	};
	objectVersion = 50;
	objects = {

/* Begin PBXBuildFile section */
		1A0CA12124C20887003EDD47 /* TutorialView.swift in Sources */ = {isa = PBXBuildFile; fileRef = 1A0CA12024C20887003EDD47 /* TutorialView.swift */; };
		1A12316A24C5B8DD001E0D79 /* ElencoPagerView.swift in Sources */ = {isa = PBXBuildFile; fileRef = 1A12316924C5B8DD001E0D79 /* ElencoPagerView.swift */; };
		1A12316C24C5B9AE001E0D79 /* IngredientPredictionTutorialView.swift in Sources */ = {isa = PBXBuildFile; fileRef = 1A12316B24C5B9AE001E0D79 /* IngredientPredictionTutorialView.swift */; };
		1A17AA6824ABDDB700893676 /* IngredientDataModel.swift in Sources */ = {isa = PBXBuildFile; fileRef = 1A17AA6724ABDDB700893676 /* IngredientDataModel.swift */; };
		1A1B402524B7B60000847E4C /* MenuView.swift in Sources */ = {isa = PBXBuildFile; fileRef = 1A1B402424B7B60000847E4C /* MenuView.swift */; };
		1A20D3D924AA20D000C6633F /* (null) in Sources */ = {isa = PBXBuildFile; };
		1A20D3DF24AA401700C6633F /* IngredientsListView.swift in Sources */ = {isa = PBXBuildFile; fileRef = 1A20D3DE24AA401700C6633F /* IngredientsListView.swift */; };
		1A20D3E424AA490600C6633F /* IngredientListCell.swift in Sources */ = {isa = PBXBuildFile; fileRef = 1A20D3E324AA490600C6633F /* IngredientListCell.swift */; };
		1A20D3E624AA4D6800C6633F /* IngredientSectionHeader.swift in Sources */ = {isa = PBXBuildFile; fileRef = 1A20D3E524AA4D6800C6633F /* IngredientSectionHeader.swift */; };
		1A3C6E6A24C7813700E1D332 /* ActionCompleteView.swift in Sources */ = {isa = PBXBuildFile; fileRef = 1A3C6E6924C7813700E1D332 /* ActionCompleteView.swift */; };
		1A49CE0424AB8B6900153D12 /* SortViewButtonItem.swift in Sources */ = {isa = PBXBuildFile; fileRef = 1A49CE0324AB8B6900153D12 /* SortViewButtonItem.swift */; };
		1A49CE0624AB8B8900153D12 /* ActionView.swift in Sources */ = {isa = PBXBuildFile; fileRef = 1A49CE0524AB8B8900153D12 /* ActionView.swift */; };
		1A8E31EF24B86B5F008D6624 /* IngredientStore+CoreDataClass.swift in Sources */ = {isa = PBXBuildFile; fileRef = 1A8E31EB24B86B5F008D6624 /* IngredientStore+CoreDataClass.swift */; };
		1A8E31F024B86B5F008D6624 /* IngredientStore+CoreDataProperties.swift in Sources */ = {isa = PBXBuildFile; fileRef = 1A8E31EC24B86B5F008D6624 /* IngredientStore+CoreDataProperties.swift */; };
		1A8E31F324B86C49008D6624 /* ListStore+CoreDataClass.swift in Sources */ = {isa = PBXBuildFile; fileRef = 1A8E31F124B86C49008D6624 /* ListStore+CoreDataClass.swift */; };
		1A8E31F424B86C49008D6624 /* ListStore+CoreDataProperties.swift in Sources */ = {isa = PBXBuildFile; fileRef = 1A8E31F224B86C49008D6624 /* ListStore+CoreDataProperties.swift */; };
		1A8E31F624B886BA008D6624 /* MenuListsView.swift in Sources */ = {isa = PBXBuildFile; fileRef = 1A8E31F524B886BA008D6624 /* MenuListsView.swift */; };
		1A8E31F824B88748008D6624 /* MenuBackButton.swift in Sources */ = {isa = PBXBuildFile; fileRef = 1A8E31F724B88748008D6624 /* MenuBackButton.swift */; };
		1A8E31FA24B88787008D6624 /* MenuHeaderView.swift in Sources */ = {isa = PBXBuildFile; fileRef = 1A8E31F924B88787008D6624 /* MenuHeaderView.swift */; };
		1A8E31FC24B88B91008D6624 /* MenuIcon.swift in Sources */ = {isa = PBXBuildFile; fileRef = 1A8E31FB24B88B91008D6624 /* MenuIcon.swift */; };
		1A8E31FE24B8ACED008D6624 /* MenuViewListCell.swift in Sources */ = {isa = PBXBuildFile; fileRef = 1A8E31FD24B8ACED008D6624 /* MenuViewListCell.swift */; };
		1AC4431E24D4271D0032C4E3 /* ElencoButton.swift in Sources */ = {isa = PBXBuildFile; fileRef = 1AC4431D24D4271D0032C4E3 /* ElencoButton.swift */; };
		1AC4432224D564270032C4E3 /* RecipesListView.swift in Sources */ = {isa = PBXBuildFile; fileRef = 1AC4432124D564270032C4E3 /* RecipesListView.swift */; };
		1AC4432524D56EA70032C4E3 /* RecipeHolderDataModel.swift in Sources */ = {isa = PBXBuildFile; fileRef = 1AC4432424D56EA70032C4E3 /* RecipeHolderDataModel.swift */; };
		1AC4432724D56F7E0032C4E3 /* RecipeView.swift in Sources */ = {isa = PBXBuildFile; fileRef = 1AC4432624D56F7E0032C4E3 /* RecipeView.swift */; };
		1AC4432A24D57E1D0032C4E3 /* RecipeButton.swift in Sources */ = {isa = PBXBuildFile; fileRef = 1AC4432924D57E1D0032C4E3 /* RecipeButton.swift */; };
		1AC4432C24D580480032C4E3 /* RecipeHeaderView.swift in Sources */ = {isa = PBXBuildFile; fileRef = 1AC4432B24D580480032C4E3 /* RecipeHeaderView.swift */; };
		1AC4432E24D58E1D0032C4E3 /* IngredientMethodPagerView.swift in Sources */ = {isa = PBXBuildFile; fileRef = 1AC4432D24D58E1D0032C4E3 /* IngredientMethodPagerView.swift */; };
		1AC4433024D592330032C4E3 /* RecipeIngredientListView.swift in Sources */ = {isa = PBXBuildFile; fileRef = 1AC4432F24D592330032C4E3 /* RecipeIngredientListView.swift */; };
		1AC4433224D6E9840032C4E3 /* EditRecipeView.swift in Sources */ = {isa = PBXBuildFile; fileRef = 1AC4433124D6E9840032C4E3 /* EditRecipeView.swift */; };
		1AC4433524D73C690032C4E3 /* RecipeListCell.swift in Sources */ = {isa = PBXBuildFile; fileRef = 1AC4433424D73C690032C4E3 /* RecipeListCell.swift */; };
		1AC4433724D808190032C4E3 /* AddRecipeCell.swift in Sources */ = {isa = PBXBuildFile; fileRef = 1AC4433624D808190032C4E3 /* AddRecipeCell.swift */; };
		1AC4433924D8083F0032C4E3 /* AddIngredientCell.swift in Sources */ = {isa = PBXBuildFile; fileRef = 1AC4433824D8083F0032C4E3 /* AddIngredientCell.swift */; };
		1AC4433C24D834C50032C4E3 /* RecipesHeaderView.swift in Sources */ = {isa = PBXBuildFile; fileRef = 1AC4433B24D834C50032C4E3 /* RecipesHeaderView.swift */; };
		1AC4433E24D87F180032C4E3 /* RecipeEditField.swift in Sources */ = {isa = PBXBuildFile; fileRef = 1AC4433D24D87F170032C4E3 /* RecipeEditField.swift */; };
		1AC4434024D87F610032C4E3 /* RequirementToggleView.swift in Sources */ = {isa = PBXBuildFile; fileRef = 1AC4433F24D87F610032C4E3 /* RequirementToggleView.swift */; };
		1AC4434224D87FB30032C4E3 /* ElencoAlert.swift in Sources */ = {isa = PBXBuildFile; fileRef = 1AC4434124D87FB30032C4E3 /* ElencoAlert.swift */; };
		1AC4434424D92EBF0032C4E3 /* ListViewSection.swift in Sources */ = {isa = PBXBuildFile; fileRef = 1AC4434324D92EBE0032C4E3 /* ListViewSection.swift */; };
		8A057C1F24B7286000BDC888 /* String.swift in Sources */ = {isa = PBXBuildFile; fileRef = 8A057C1E24B7285F00BDC888 /* String.swift */; };
		8A0DA72E24C70660001A5B0E /* View.swift in Sources */ = {isa = PBXBuildFile; fileRef = 8A0DA72D24C70660001A5B0E /* View.swift */; };
		8A2A5C2C24C5BACE00BB1AB2 /* MenuViewDataModel.swift in Sources */ = {isa = PBXBuildFile; fileRef = 8A2A5C2B24C5BACE00BB1AB2 /* MenuViewDataModel.swift */; };
		8A381C3724AA1FD90023A5CD /* HelveticaNeue.ttc in Resources */ = {isa = PBXBuildFile; fileRef = 8A381C3624AA1FD90023A5CD /* HelveticaNeue.ttc */; };
		8A381C3924AA4E480023A5CD /* SemiBoldLabel.swift in Sources */ = {isa = PBXBuildFile; fileRef = 8A381C3824AA4E480023A5CD /* SemiBoldLabel.swift */; };
		8A381C3D24AA86120023A5CD /* HostingView.swift in Sources */ = {isa = PBXBuildFile; fileRef = 8A381C3C24AA86120023A5CD /* HostingView.swift */; };
		8A381C3F24AB42EF0023A5CD /* MyListHeaderView.swift in Sources */ = {isa = PBXBuildFile; fileRef = 8A381C3E24AB42EF0023A5CD /* MyListHeaderView.swift */; };
		8A381C4124AB44580023A5CD /* ListHolderDataModel.swift in Sources */ = {isa = PBXBuildFile; fileRef = 8A381C4024AB44580023A5CD /* ListHolderDataModel.swift */; };
		8A9C611F24AFA149000E337F /* IngredientListTick.swift in Sources */ = {isa = PBXBuildFile; fileRef = 8A9C611E24AFA149000E337F /* IngredientListTick.swift */; };
		8AAC174224D57EBE004C6ADA /* Recipe.swift in Sources */ = {isa = PBXBuildFile; fileRef = 8AAC174124D57EBE004C6ADA /* Recipe.swift */; };
		8AAC174424D58836004C6ADA /* RecipeDataModel.swift in Sources */ = {isa = PBXBuildFile; fileRef = 8AAC174324D58836004C6ADA /* RecipeDataModel.swift */; };
		8AAC174B24D59514004C6ADA /* RecipeStore+CoreDataClass.swift in Sources */ = {isa = PBXBuildFile; fileRef = 8AAC174924D59514004C6ADA /* RecipeStore+CoreDataClass.swift */; };
		8AAC174C24D59514004C6ADA /* RecipeStore+CoreDataProperties.swift in Sources */ = {isa = PBXBuildFile; fileRef = 8AAC174A24D59514004C6ADA /* RecipeStore+CoreDataProperties.swift */; };
		8AAEE48424A7A3BC0025D15D /* Ingredient.swift in Sources */ = {isa = PBXBuildFile; fileRef = 8AAEE48324A7A3BC0025D15D /* Ingredient.swift */; };
		8AAEE48824A7A8170025D15D /* IngredientAPIService.swift in Sources */ = {isa = PBXBuildFile; fileRef = 8AAEE48724A7A8170025D15D /* IngredientAPIService.swift */; };
		8AB2FEF724B7B46C002918AA /* ElencoList.swift in Sources */ = {isa = PBXBuildFile; fileRef = 8AB2FEF624B7B46C002918AA /* ElencoList.swift */; };
		8AB2FEF924B7C202002918AA /* ElencoListDataModel.swift in Sources */ = {isa = PBXBuildFile; fileRef = 8AB2FEF824B7C202002918AA /* ElencoListDataModel.swift */; };
		8AB2FEFB24B88D22002918AA /* ElencoDefaults.swift in Sources */ = {isa = PBXBuildFile; fileRef = 8AB2FEFA24B88D22002918AA /* ElencoDefaults.swift */; };
		8AB2FEFD24B89580002918AA /* ActionViewButtonItem.swift in Sources */ = {isa = PBXBuildFile; fileRef = 8AB2FEFC24B89580002918AA /* ActionViewButtonItem.swift */; };
		8AB367BD24B9ABCB00E795D5 /* UIApplication.swift in Sources */ = {isa = PBXBuildFile; fileRef = 8AB367BC24B9ABCB00E795D5 /* UIApplication.swift */; };
		8AB367C124BB318100E795D5 /* ElencoTextField.swift in Sources */ = {isa = PBXBuildFile; fileRef = 8AB367C024BB318100E795D5 /* ElencoTextField.swift */; };
		8AB367C324BB3EEB00E795D5 /* CircularButton.swift in Sources */ = {isa = PBXBuildFile; fileRef = 8AB367C224BB3EEB00E795D5 /* CircularButton.swift */; };
		8AB63CD524D6C309005FBAD0 /* EssentialsView.swift in Sources */ = {isa = PBXBuildFile; fileRef = 8AB63CD424D6C309005FBAD0 /* EssentialsView.swift */; };
		8AB63CD724D6DE0D005FBAD0 /* ContentView.swift in Sources */ = {isa = PBXBuildFile; fileRef = 8AB63CD624D6DE0D005FBAD0 /* ContentView.swift */; };
		8AB63CD924D6EAC6005FBAD0 /* ContentViewDataModel.swift in Sources */ = {isa = PBXBuildFile; fileRef = 8AB63CD824D6EAC6005FBAD0 /* ContentViewDataModel.swift */; };
		8AB63CDB24D6F10F005FBAD0 /* SettingsView.swift in Sources */ = {isa = PBXBuildFile; fileRef = 8AB63CDA24D6F10F005FBAD0 /* SettingsView.swift */; };
		8AC3729424AB82BB002699F2 /* IngredientData.json in Resources */ = {isa = PBXBuildFile; fileRef = 8AC3729324AB82BB002699F2 /* IngredientData.json */; };
		8AC3729924AB9E05002699F2 /* UIWindow.swift in Sources */ = {isa = PBXBuildFile; fileRef = 8AC3729824AB9E05002699F2 /* UIWindow.swift */; };
		8AD4BBEA24A796E900F81AAF /* AppDelegate.swift in Sources */ = {isa = PBXBuildFile; fileRef = 8AD4BBE924A796E900F81AAF /* AppDelegate.swift */; };
		8AD4BBEC24A796E900F81AAF /* SceneDelegate.swift in Sources */ = {isa = PBXBuildFile; fileRef = 8AD4BBEB24A796E900F81AAF /* SceneDelegate.swift */; };
		8AD4BBEF24A796E900F81AAF /* Elenco.xcdatamodeld in Sources */ = {isa = PBXBuildFile; fileRef = 8AD4BBED24A796E900F81AAF /* Elenco.xcdatamodeld */; };
		8AD4BBF324A796EF00F81AAF /* Assets.xcassets in Resources */ = {isa = PBXBuildFile; fileRef = 8AD4BBF224A796EF00F81AAF /* Assets.xcassets */; };
		8AD4BBF624A796EF00F81AAF /* Preview Assets.xcassets in Resources */ = {isa = PBXBuildFile; fileRef = 8AD4BBF524A796EF00F81AAF /* Preview Assets.xcassets */; };
		8AD4BBF924A796EF00F81AAF /* LaunchScreen.storyboard in Resources */ = {isa = PBXBuildFile; fileRef = 8AD4BBF724A796EF00F81AAF /* LaunchScreen.storyboard */; };
		8AD4BC0424A796F000F81AAF /* ElencoTests.swift in Sources */ = {isa = PBXBuildFile; fileRef = 8AD4BC0324A796F000F81AAF /* ElencoTests.swift */; };
		8AD4BC0F24A7978000F81AAF /* ListHolderView.swift in Sources */ = {isa = PBXBuildFile; fileRef = 8AD4BC0E24A7978000F81AAF /* ListHolderView.swift */; };
		8ADB42F024C781E600EB6C8C /* WelcomeTutorialView.swift in Sources */ = {isa = PBXBuildFile; fileRef = 8ADB42EF24C781E600EB6C8C /* WelcomeTutorialView.swift */; };
		8AE34E0824AD1AE2004651B5 /* AddIngredientTutorialView.swift in Sources */ = {isa = PBXBuildFile; fileRef = 8AE34E0724AD1AE2004651B5 /* AddIngredientTutorialView.swift */; };
		8AED6C8024AF56380056F901 /* UIDevice.swift in Sources */ = {isa = PBXBuildFile; fileRef = 8AED6C7F24AF56380056F901 /* UIDevice.swift */; };
		8AEF2EEE24A7E5FB0071C69A /* AddIngredientView.swift in Sources */ = {isa = PBXBuildFile; fileRef = 8AEF2EED24A7E5FB0071C69A /* AddIngredientView.swift */; };
/* End PBXBuildFile section */

/* Begin PBXContainerItemProxy section */
		8AD4BC0024A796F000F81AAF /* PBXContainerItemProxy */ = {
			isa = PBXContainerItemProxy;
			containerPortal = 8AD4BBDE24A796E900F81AAF /* Project object */;
			proxyType = 1;
			remoteGlobalIDString = 8AD4BBE524A796E900F81AAF;
			remoteInfo = Elenco;
		};
/* End PBXContainerItemProxy section */

/* Begin PBXFileReference section */
		1A0CA12024C20887003EDD47 /* TutorialView.swift */ = {isa = PBXFileReference; lastKnownFileType = sourcecode.swift; path = TutorialView.swift; sourceTree = "<group>"; };
		1A12316924C5B8DD001E0D79 /* ElencoPagerView.swift */ = {isa = PBXFileReference; lastKnownFileType = sourcecode.swift; path = ElencoPagerView.swift; sourceTree = "<group>"; };
		1A12316B24C5B9AE001E0D79 /* IngredientPredictionTutorialView.swift */ = {isa = PBXFileReference; lastKnownFileType = sourcecode.swift; path = IngredientPredictionTutorialView.swift; sourceTree = "<group>"; };
		1A17AA6724ABDDB700893676 /* IngredientDataModel.swift */ = {isa = PBXFileReference; lastKnownFileType = sourcecode.swift; path = IngredientDataModel.swift; sourceTree = "<group>"; };
		1A1B402424B7B60000847E4C /* MenuView.swift */ = {isa = PBXFileReference; lastKnownFileType = sourcecode.swift; path = MenuView.swift; sourceTree = "<group>"; };
		1A20D3DE24AA401700C6633F /* IngredientsListView.swift */ = {isa = PBXFileReference; lastKnownFileType = sourcecode.swift; path = IngredientsListView.swift; sourceTree = "<group>"; };
		1A20D3E324AA490600C6633F /* IngredientListCell.swift */ = {isa = PBXFileReference; lastKnownFileType = sourcecode.swift; path = IngredientListCell.swift; sourceTree = "<group>"; };
		1A20D3E524AA4D6800C6633F /* IngredientSectionHeader.swift */ = {isa = PBXFileReference; lastKnownFileType = sourcecode.swift; path = IngredientSectionHeader.swift; sourceTree = "<group>"; };
		1A3C6E6924C7813700E1D332 /* ActionCompleteView.swift */ = {isa = PBXFileReference; lastKnownFileType = sourcecode.swift; path = ActionCompleteView.swift; sourceTree = "<group>"; };
		1A49CE0324AB8B6900153D12 /* SortViewButtonItem.swift */ = {isa = PBXFileReference; lastKnownFileType = sourcecode.swift; path = SortViewButtonItem.swift; sourceTree = "<group>"; };
		1A49CE0524AB8B8900153D12 /* ActionView.swift */ = {isa = PBXFileReference; lastKnownFileType = sourcecode.swift; path = ActionView.swift; sourceTree = "<group>"; };
		1A8E31EB24B86B5F008D6624 /* IngredientStore+CoreDataClass.swift */ = {isa = PBXFileReference; lastKnownFileType = sourcecode.swift; name = "IngredientStore+CoreDataClass.swift"; path = "../../../IngredientStore+CoreDataClass.swift"; sourceTree = "<group>"; };
		1A8E31EC24B86B5F008D6624 /* IngredientStore+CoreDataProperties.swift */ = {isa = PBXFileReference; lastKnownFileType = sourcecode.swift; path = "IngredientStore+CoreDataProperties.swift"; sourceTree = "<group>"; };
		1A8E31F124B86C49008D6624 /* ListStore+CoreDataClass.swift */ = {isa = PBXFileReference; lastKnownFileType = sourcecode.swift; path = "ListStore+CoreDataClass.swift"; sourceTree = "<group>"; };
		1A8E31F224B86C49008D6624 /* ListStore+CoreDataProperties.swift */ = {isa = PBXFileReference; lastKnownFileType = sourcecode.swift; path = "ListStore+CoreDataProperties.swift"; sourceTree = "<group>"; };
		1A8E31F524B886BA008D6624 /* MenuListsView.swift */ = {isa = PBXFileReference; lastKnownFileType = sourcecode.swift; path = MenuListsView.swift; sourceTree = "<group>"; };
		1A8E31F724B88748008D6624 /* MenuBackButton.swift */ = {isa = PBXFileReference; lastKnownFileType = sourcecode.swift; path = MenuBackButton.swift; sourceTree = "<group>"; };
		1A8E31F924B88787008D6624 /* MenuHeaderView.swift */ = {isa = PBXFileReference; lastKnownFileType = sourcecode.swift; path = MenuHeaderView.swift; sourceTree = "<group>"; };
		1A8E31FB24B88B91008D6624 /* MenuIcon.swift */ = {isa = PBXFileReference; lastKnownFileType = sourcecode.swift; path = MenuIcon.swift; sourceTree = "<group>"; };
		1A8E31FD24B8ACED008D6624 /* MenuViewListCell.swift */ = {isa = PBXFileReference; lastKnownFileType = sourcecode.swift; path = MenuViewListCell.swift; sourceTree = "<group>"; };
		1AC4431D24D4271D0032C4E3 /* ElencoButton.swift */ = {isa = PBXFileReference; lastKnownFileType = sourcecode.swift; path = ElencoButton.swift; sourceTree = "<group>"; };
		1AC4432124D564270032C4E3 /* RecipesListView.swift */ = {isa = PBXFileReference; lastKnownFileType = sourcecode.swift; path = RecipesListView.swift; sourceTree = "<group>"; };
		1AC4432424D56EA70032C4E3 /* RecipeHolderDataModel.swift */ = {isa = PBXFileReference; lastKnownFileType = sourcecode.swift; path = RecipeHolderDataModel.swift; sourceTree = "<group>"; };
		1AC4432624D56F7E0032C4E3 /* RecipeView.swift */ = {isa = PBXFileReference; lastKnownFileType = sourcecode.swift; path = RecipeView.swift; sourceTree = "<group>"; };
		1AC4432924D57E1D0032C4E3 /* RecipeButton.swift */ = {isa = PBXFileReference; lastKnownFileType = sourcecode.swift; path = RecipeButton.swift; sourceTree = "<group>"; };
		1AC4432B24D580480032C4E3 /* RecipeHeaderView.swift */ = {isa = PBXFileReference; lastKnownFileType = sourcecode.swift; path = RecipeHeaderView.swift; sourceTree = "<group>"; };
		1AC4432D24D58E1D0032C4E3 /* IngredientMethodPagerView.swift */ = {isa = PBXFileReference; lastKnownFileType = sourcecode.swift; path = IngredientMethodPagerView.swift; sourceTree = "<group>"; };
		1AC4432F24D592330032C4E3 /* RecipeIngredientListView.swift */ = {isa = PBXFileReference; lastKnownFileType = sourcecode.swift; path = RecipeIngredientListView.swift; sourceTree = "<group>"; };
		1AC4433124D6E9840032C4E3 /* EditRecipeView.swift */ = {isa = PBXFileReference; lastKnownFileType = sourcecode.swift; path = EditRecipeView.swift; sourceTree = "<group>"; };
		1AC4433424D73C690032C4E3 /* RecipeListCell.swift */ = {isa = PBXFileReference; lastKnownFileType = sourcecode.swift; path = RecipeListCell.swift; sourceTree = "<group>"; };
		1AC4433624D808190032C4E3 /* AddRecipeCell.swift */ = {isa = PBXFileReference; lastKnownFileType = sourcecode.swift; path = AddRecipeCell.swift; sourceTree = "<group>"; };
		1AC4433824D8083F0032C4E3 /* AddIngredientCell.swift */ = {isa = PBXFileReference; lastKnownFileType = sourcecode.swift; path = AddIngredientCell.swift; sourceTree = "<group>"; };
		1AC4433B24D834C50032C4E3 /* RecipesHeaderView.swift */ = {isa = PBXFileReference; lastKnownFileType = sourcecode.swift; path = RecipesHeaderView.swift; sourceTree = "<group>"; };
		1AC4433D24D87F170032C4E3 /* RecipeEditField.swift */ = {isa = PBXFileReference; lastKnownFileType = sourcecode.swift; path = RecipeEditField.swift; sourceTree = "<group>"; };
		1AC4433F24D87F610032C4E3 /* RequirementToggleView.swift */ = {isa = PBXFileReference; lastKnownFileType = sourcecode.swift; path = RequirementToggleView.swift; sourceTree = "<group>"; };
		1AC4434124D87FB30032C4E3 /* ElencoAlert.swift */ = {isa = PBXFileReference; lastKnownFileType = sourcecode.swift; path = ElencoAlert.swift; sourceTree = "<group>"; };
		1AC4434324D92EBE0032C4E3 /* ListViewSection.swift */ = {isa = PBXFileReference; lastKnownFileType = sourcecode.swift; path = ListViewSection.swift; sourceTree = "<group>"; };
		8A057C1E24B7285F00BDC888 /* String.swift */ = {isa = PBXFileReference; lastKnownFileType = sourcecode.swift; path = String.swift; sourceTree = "<group>"; };
		8A0DA72D24C70660001A5B0E /* View.swift */ = {isa = PBXFileReference; lastKnownFileType = sourcecode.swift; path = View.swift; sourceTree = "<group>"; };
		8A2A5C2B24C5BACE00BB1AB2 /* MenuViewDataModel.swift */ = {isa = PBXFileReference; lastKnownFileType = sourcecode.swift; path = MenuViewDataModel.swift; sourceTree = "<group>"; };
		8A381C3624AA1FD90023A5CD /* HelveticaNeue.ttc */ = {isa = PBXFileReference; lastKnownFileType = file; path = HelveticaNeue.ttc; sourceTree = "<group>"; };
		8A381C3824AA4E480023A5CD /* SemiBoldLabel.swift */ = {isa = PBXFileReference; lastKnownFileType = sourcecode.swift; path = SemiBoldLabel.swift; sourceTree = "<group>"; };
		8A381C3C24AA86120023A5CD /* HostingView.swift */ = {isa = PBXFileReference; lastKnownFileType = sourcecode.swift; path = HostingView.swift; sourceTree = "<group>"; };
		8A381C3E24AB42EF0023A5CD /* MyListHeaderView.swift */ = {isa = PBXFileReference; lastKnownFileType = sourcecode.swift; path = MyListHeaderView.swift; sourceTree = "<group>"; };
		8A381C4024AB44580023A5CD /* ListHolderDataModel.swift */ = {isa = PBXFileReference; lastKnownFileType = sourcecode.swift; path = ListHolderDataModel.swift; sourceTree = "<group>"; };
		8A9C611E24AFA149000E337F /* IngredientListTick.swift */ = {isa = PBXFileReference; lastKnownFileType = sourcecode.swift; path = IngredientListTick.swift; sourceTree = "<group>"; };
		8AAC174124D57EBE004C6ADA /* Recipe.swift */ = {isa = PBXFileReference; lastKnownFileType = sourcecode.swift; path = Recipe.swift; sourceTree = "<group>"; };
		8AAC174324D58836004C6ADA /* RecipeDataModel.swift */ = {isa = PBXFileReference; lastKnownFileType = sourcecode.swift; path = RecipeDataModel.swift; sourceTree = "<group>"; };
		8AAC174924D59514004C6ADA /* RecipeStore+CoreDataClass.swift */ = {isa = PBXFileReference; lastKnownFileType = sourcecode.swift; path = "RecipeStore+CoreDataClass.swift"; sourceTree = "<group>"; };
		8AAC174A24D59514004C6ADA /* RecipeStore+CoreDataProperties.swift */ = {isa = PBXFileReference; lastKnownFileType = sourcecode.swift; path = "RecipeStore+CoreDataProperties.swift"; sourceTree = "<group>"; };
		8AAEE48324A7A3BC0025D15D /* Ingredient.swift */ = {isa = PBXFileReference; lastKnownFileType = sourcecode.swift; path = Ingredient.swift; sourceTree = "<group>"; };
		8AAEE48724A7A8170025D15D /* IngredientAPIService.swift */ = {isa = PBXFileReference; lastKnownFileType = sourcecode.swift; path = IngredientAPIService.swift; sourceTree = "<group>"; };
		8AB2FEF624B7B46C002918AA /* ElencoList.swift */ = {isa = PBXFileReference; lastKnownFileType = sourcecode.swift; path = ElencoList.swift; sourceTree = "<group>"; };
		8AB2FEF824B7C202002918AA /* ElencoListDataModel.swift */ = {isa = PBXFileReference; lastKnownFileType = sourcecode.swift; path = ElencoListDataModel.swift; sourceTree = "<group>"; };
		8AB2FEFA24B88D22002918AA /* ElencoDefaults.swift */ = {isa = PBXFileReference; lastKnownFileType = sourcecode.swift; path = ElencoDefaults.swift; sourceTree = "<group>"; };
		8AB2FEFC24B89580002918AA /* ActionViewButtonItem.swift */ = {isa = PBXFileReference; lastKnownFileType = sourcecode.swift; path = ActionViewButtonItem.swift; sourceTree = "<group>"; };
		8AB367BC24B9ABCB00E795D5 /* UIApplication.swift */ = {isa = PBXFileReference; lastKnownFileType = sourcecode.swift; path = UIApplication.swift; sourceTree = "<group>"; };
		8AB367C024BB318100E795D5 /* ElencoTextField.swift */ = {isa = PBXFileReference; lastKnownFileType = sourcecode.swift; path = ElencoTextField.swift; sourceTree = "<group>"; };
		8AB367C224BB3EEB00E795D5 /* CircularButton.swift */ = {isa = PBXFileReference; lastKnownFileType = sourcecode.swift; path = CircularButton.swift; sourceTree = "<group>"; };
		8AB63CD424D6C309005FBAD0 /* EssentialsView.swift */ = {isa = PBXFileReference; lastKnownFileType = sourcecode.swift; path = EssentialsView.swift; sourceTree = "<group>"; };
		8AB63CD624D6DE0D005FBAD0 /* ContentView.swift */ = {isa = PBXFileReference; lastKnownFileType = sourcecode.swift; path = ContentView.swift; sourceTree = "<group>"; };
		8AB63CD824D6EAC6005FBAD0 /* ContentViewDataModel.swift */ = {isa = PBXFileReference; lastKnownFileType = sourcecode.swift; path = ContentViewDataModel.swift; sourceTree = "<group>"; };
		8AB63CDA24D6F10F005FBAD0 /* SettingsView.swift */ = {isa = PBXFileReference; lastKnownFileType = sourcecode.swift; path = SettingsView.swift; sourceTree = "<group>"; };
		8AC3729324AB82BB002699F2 /* IngredientData.json */ = {isa = PBXFileReference; fileEncoding = 4; lastKnownFileType = text.json; path = IngredientData.json; sourceTree = "<group>"; };
		8AC3729824AB9E05002699F2 /* UIWindow.swift */ = {isa = PBXFileReference; lastKnownFileType = sourcecode.swift; path = UIWindow.swift; sourceTree = "<group>"; };
		8AD4BBE624A796E900F81AAF /* Elenco.app */ = {isa = PBXFileReference; explicitFileType = wrapper.application; includeInIndex = 0; path = Elenco.app; sourceTree = BUILT_PRODUCTS_DIR; };
		8AD4BBE924A796E900F81AAF /* AppDelegate.swift */ = {isa = PBXFileReference; lastKnownFileType = sourcecode.swift; path = AppDelegate.swift; sourceTree = "<group>"; };
		8AD4BBEB24A796E900F81AAF /* SceneDelegate.swift */ = {isa = PBXFileReference; lastKnownFileType = sourcecode.swift; path = SceneDelegate.swift; sourceTree = "<group>"; };
		8AD4BBEE24A796E900F81AAF /* Elenco.xcdatamodel */ = {isa = PBXFileReference; lastKnownFileType = wrapper.xcdatamodel; path = Elenco.xcdatamodel; sourceTree = "<group>"; };
		8AD4BBF224A796EF00F81AAF /* Assets.xcassets */ = {isa = PBXFileReference; lastKnownFileType = folder.assetcatalog; path = Assets.xcassets; sourceTree = "<group>"; };
		8AD4BBF524A796EF00F81AAF /* Preview Assets.xcassets */ = {isa = PBXFileReference; lastKnownFileType = folder.assetcatalog; path = "Preview Assets.xcassets"; sourceTree = "<group>"; };
		8AD4BBF824A796EF00F81AAF /* Base */ = {isa = PBXFileReference; lastKnownFileType = file.storyboard; name = Base; path = Base.lproj/LaunchScreen.storyboard; sourceTree = "<group>"; };
		8AD4BBFA24A796EF00F81AAF /* Info.plist */ = {isa = PBXFileReference; lastKnownFileType = text.plist.xml; path = Info.plist; sourceTree = "<group>"; };
		8AD4BBFF24A796F000F81AAF /* ElencoTests.xctest */ = {isa = PBXFileReference; explicitFileType = wrapper.cfbundle; includeInIndex = 0; path = ElencoTests.xctest; sourceTree = BUILT_PRODUCTS_DIR; };
		8AD4BC0324A796F000F81AAF /* ElencoTests.swift */ = {isa = PBXFileReference; lastKnownFileType = sourcecode.swift; path = ElencoTests.swift; sourceTree = "<group>"; };
		8AD4BC0524A796F000F81AAF /* Info.plist */ = {isa = PBXFileReference; lastKnownFileType = text.plist.xml; path = Info.plist; sourceTree = "<group>"; };
		8AD4BC0E24A7978000F81AAF /* ListHolderView.swift */ = {isa = PBXFileReference; lastKnownFileType = sourcecode.swift; path = ListHolderView.swift; sourceTree = "<group>"; };
		8ADB42EF24C781E600EB6C8C /* WelcomeTutorialView.swift */ = {isa = PBXFileReference; lastKnownFileType = sourcecode.swift; path = WelcomeTutorialView.swift; sourceTree = "<group>"; };
		8AE34E0724AD1AE2004651B5 /* AddIngredientTutorialView.swift */ = {isa = PBXFileReference; lastKnownFileType = sourcecode.swift; path = AddIngredientTutorialView.swift; sourceTree = "<group>"; };
		8AED6C7F24AF56380056F901 /* UIDevice.swift */ = {isa = PBXFileReference; lastKnownFileType = sourcecode.swift; path = UIDevice.swift; sourceTree = "<group>"; };
		8AEF2EED24A7E5FB0071C69A /* AddIngredientView.swift */ = {isa = PBXFileReference; lastKnownFileType = sourcecode.swift; path = AddIngredientView.swift; sourceTree = "<group>"; };
/* End PBXFileReference section */

/* Begin PBXFrameworksBuildPhase section */
		8AD4BBE324A796E900F81AAF /* Frameworks */ = {
			isa = PBXFrameworksBuildPhase;
			buildActionMask = 2147483647;
			files = (
			);
			runOnlyForDeploymentPostprocessing = 0;
		};
		8AD4BBFC24A796F000F81AAF /* Frameworks */ = {
			isa = PBXFrameworksBuildPhase;
			buildActionMask = 2147483647;
			files = (
			);
			runOnlyForDeploymentPostprocessing = 0;
		};
/* End PBXFrameworksBuildPhase section */

/* Begin PBXGroup section */
		1A0CA11F24C20821003EDD47 /* TutorialView */ = {
			isa = PBXGroup;
			children = (
				1A0CA12024C20887003EDD47 /* TutorialView.swift */,
				1A12316924C5B8DD001E0D79 /* ElencoPagerView.swift */,
				8ADB42EF24C781E600EB6C8C /* WelcomeTutorialView.swift */,
				8AE34E0724AD1AE2004651B5 /* AddIngredientTutorialView.swift */,
				1A12316B24C5B9AE001E0D79 /* IngredientPredictionTutorialView.swift */,
			);
			path = TutorialView;
			sourceTree = "<group>";
		};
		1A1B402624B7B60700847E4C /* MenuView */ = {
			isa = PBXGroup;
			children = (
				1A1B402424B7B60000847E4C /* MenuView.swift */,
				1A8E31F924B88787008D6624 /* MenuHeaderView.swift */,
				1A8E31F524B886BA008D6624 /* MenuListsView.swift */,
				1A8E31FD24B8ACED008D6624 /* MenuViewListCell.swift */,
				1A8E31F724B88748008D6624 /* MenuBackButton.swift */,
			);
			path = MenuView;
			sourceTree = "<group>";
		};
		1A20D3E024AA478D00C6633F /* IngredientsListView */ = {
			isa = PBXGroup;
			children = (
				1A20D3DE24AA401700C6633F /* IngredientsListView.swift */,
				1A20D3E324AA490600C6633F /* IngredientListCell.swift */,
				8A9C611E24AFA149000E337F /* IngredientListTick.swift */,
			);
			path = IngredientsListView;
			sourceTree = "<group>";
		};
		1AC4432324D5644B0032C4E3 /* RecipesListView */ = {
			isa = PBXGroup;
			children = (
				1AC4432124D564270032C4E3 /* RecipesListView.swift */,
				1AC4433B24D834C50032C4E3 /* RecipesHeaderView.swift */,
				1AC4433424D73C690032C4E3 /* RecipeListCell.swift */,
			);
			path = RecipesListView;
			sourceTree = "<group>";
		};
		1AC4432824D56F8B0032C4E3 /* RecipeView */ = {
			isa = PBXGroup;
			children = (
				1AC4432624D56F7E0032C4E3 /* RecipeView.swift */,
				1AC4432B24D580480032C4E3 /* RecipeHeaderView.swift */,
				1AC4432D24D58E1D0032C4E3 /* IngredientMethodPagerView.swift */,
				1AC4433A24D809010032C4E3 /* IngredientMethodList */,
				1AC4432924D57E1D0032C4E3 /* RecipeButton.swift */,
			);
			path = RecipeView;
			sourceTree = "<group>";
		};
		1AC4433324D6E98F0032C4E3 /* EditRecipeView */ = {
			isa = PBXGroup;
			children = (
				1AC4433124D6E9840032C4E3 /* EditRecipeView.swift */,
				1AC4433F24D87F610032C4E3 /* RequirementToggleView.swift */,
				1AC4433D24D87F170032C4E3 /* RecipeEditField.swift */,
			);
			path = EditRecipeView;
			sourceTree = "<group>";
		};
		1AC4433A24D809010032C4E3 /* IngredientMethodList */ = {
			isa = PBXGroup;
			children = (
				1AC4432F24D592330032C4E3 /* RecipeIngredientListView.swift */,
				1AC4433624D808190032C4E3 /* AddRecipeCell.swift */,
				1AC4433824D8083F0032C4E3 /* AddIngredientCell.swift */,
			);
			path = IngredientMethodList;
			sourceTree = "<group>";
		};
		8A0DA72F24C726E8001A5B0E /* Core Data Models */ = {
			isa = PBXGroup;
			children = (
				1A17AA6724ABDDB700893676 /* IngredientDataModel.swift */,
				8AAC174324D58836004C6ADA /* RecipeDataModel.swift */,
				8AB2FEF824B7C202002918AA /* ElencoListDataModel.swift */,
			);
			path = "Core Data Models";
			sourceTree = "<group>";
		};
		8A0DA73024C726F7001A5B0E /* View Data Models */ = {
			isa = PBXGroup;
			children = (
				1AC4432424D56EA70032C4E3 /* RecipeHolderDataModel.swift */,
				8A381C4024AB44580023A5CD /* ListHolderDataModel.swift */,
				8AB63CD824D6EAC6005FBAD0 /* ContentViewDataModel.swift */,
				8A2A5C2B24C5BACE00BB1AB2 /* MenuViewDataModel.swift */,
			);
			path = "View Data Models";
			sourceTree = "<group>";
		};
		8A57BC3C24AE836700FB138B /* Data Models */ = {
			isa = PBXGroup;
			children = (
				8A0DA73024C726F7001A5B0E /* View Data Models */,
				8A0DA72F24C726E8001A5B0E /* Core Data Models */,
			);
			path = "Data Models";
			sourceTree = "<group>";
		};
		8A57BC3D24AF407B00FB138B /* Core Data */ = {
			isa = PBXGroup;
			children = (
				1A8E31F124B86C49008D6624 /* ListStore+CoreDataClass.swift */,
				1A8E31F224B86C49008D6624 /* ListStore+CoreDataProperties.swift */,
				8AAC174924D59514004C6ADA /* RecipeStore+CoreDataClass.swift */,
				8AAC174A24D59514004C6ADA /* RecipeStore+CoreDataProperties.swift */,
				1A8E31EB24B86B5F008D6624 /* IngredientStore+CoreDataClass.swift */,
				1A8E31EC24B86B5F008D6624 /* IngredientStore+CoreDataProperties.swift */,
			);
			path = "Core Data";
			sourceTree = "<group>";
		};
		8A9C612224B65C81000E337F /* ListActionView */ = {
			isa = PBXGroup;
			children = (
				1A49CE0324AB8B6900153D12 /* SortViewButtonItem.swift */,
				8AB2FEFC24B89580002918AA /* ActionViewButtonItem.swift */,
				1A49CE0524AB8B8900153D12 /* ActionView.swift */,
			);
			path = ListActionView;
			sourceTree = "<group>";
		};
		8A9C612324B65D0B000E337F /* ListHeaderView */ = {
			isa = PBXGroup;
			children = (
				8AEF2EED24A7E5FB0071C69A /* AddIngredientView.swift */,
				1A3C6E6924C7813700E1D332 /* ActionCompleteView.swift */,
				8A381C3E24AB42EF0023A5CD /* MyListHeaderView.swift */,
				1A8E31FB24B88B91008D6624 /* MenuIcon.swift */,
			);
			path = ListHeaderView;
			sourceTree = "<group>";
		};
		8AC3729224AB82A8002699F2 /* Data */ = {
			isa = PBXGroup;
			children = (
				8A57BC3D24AF407B00FB138B /* Core Data */,
				8AC3729324AB82BB002699F2 /* IngredientData.json */,
				8AD4BBED24A796E900F81AAF /* Elenco.xcdatamodeld */,
			);
			path = Data;
			sourceTree = "<group>";
		};
		8AC3729724AB9DF8002699F2 /* Extensions */ = {
			isa = PBXGroup;
			children = (
				8AC3729824AB9E05002699F2 /* UIWindow.swift */,
				8AED6C7F24AF56380056F901 /* UIDevice.swift */,
				8AB367BC24B9ABCB00E795D5 /* UIApplication.swift */,
				8A057C1E24B7285F00BDC888 /* String.swift */,
				8A0DA72D24C70660001A5B0E /* View.swift */,
			);
			path = Extensions;
			sourceTree = "<group>";
		};
		8AD4BBDD24A796E900F81AAF = {
			isa = PBXGroup;
			children = (
				8AD4BBE824A796E900F81AAF /* Elenco */,
				8AD4BC0224A796F000F81AAF /* ElencoTests */,
				8AD4BBE724A796E900F81AAF /* Products */,
			);
			sourceTree = "<group>";
		};
		8AD4BBE724A796E900F81AAF /* Products */ = {
			isa = PBXGroup;
			children = (
				8AD4BBE624A796E900F81AAF /* Elenco.app */,
				8AD4BBFF24A796F000F81AAF /* ElencoTests.xctest */,
			);
			name = Products;
			sourceTree = "<group>";
		};
		8AD4BBE824A796E900F81AAF /* Elenco */ = {
			isa = PBXGroup;
			children = (
				8AC3729724AB9DF8002699F2 /* Extensions */,
				8AC3729224AB82A8002699F2 /* Data */,
				8AD4BC1424A7996700F81AAF /* Services */,
				8AD4BC1324A7996000F81AAF /* Models */,
				8AD4BC1224A7980B00F81AAF /* Delegates */,
				8AD4BC1024A797D400F81AAF /* Views */,
				8AB63CD624D6DE0D005FBAD0 /* ContentView.swift */,
				8AD4BC0E24A7978000F81AAF /* ListHolderView.swift */,
				8AB63CD424D6C309005FBAD0 /* EssentialsView.swift */,
				8AB63CDA24D6F10F005FBAD0 /* SettingsView.swift */,
				8AD4BBF224A796EF00F81AAF /* Assets.xcassets */,
				8A381C3624AA1FD90023A5CD /* HelveticaNeue.ttc */,
				8AD4BBF724A796EF00F81AAF /* LaunchScreen.storyboard */,
				8AD4BBFA24A796EF00F81AAF /* Info.plist */,
				8AD4BBF424A796EF00F81AAF /* Preview Content */,
			);
			path = Elenco;
			sourceTree = "<group>";
		};
		8AD4BBF424A796EF00F81AAF /* Preview Content */ = {
			isa = PBXGroup;
			children = (
				8AD4BBF524A796EF00F81AAF /* Preview Assets.xcassets */,
			);
			path = "Preview Content";
			sourceTree = "<group>";
		};
		8AD4BC0224A796F000F81AAF /* ElencoTests */ = {
			isa = PBXGroup;
			children = (
				8AD4BC0324A796F000F81AAF /* ElencoTests.swift */,
				8AD4BC0524A796F000F81AAF /* Info.plist */,
			);
			path = ElencoTests;
			sourceTree = "<group>";
		};
		8AD4BC1024A797D400F81AAF /* Views */ = {
			isa = PBXGroup;
			children = (
				8AD4BC1124A797EC00F81AAF /* Components */,
			);
			path = Views;
			sourceTree = "<group>";
		};
		8AD4BC1124A797EC00F81AAF /* Components */ = {
			isa = PBXGroup;
			children = (
				8AB367C024BB318100E795D5 /* ElencoTextField.swift */,
				8A381C3824AA4E480023A5CD /* SemiBoldLabel.swift */,
				8AB367C224BB3EEB00E795D5 /* CircularButton.swift */,
				1AC4431D24D4271D0032C4E3 /* ElencoButton.swift */,
				1AC4434324D92EBE0032C4E3 /* ListViewSection.swift */,
				1AC4434124D87FB30032C4E3 /* ElencoAlert.swift */,
				1A20D3E524AA4D6800C6633F /* IngredientSectionHeader.swift */,
				1AC4433324D6E98F0032C4E3 /* EditRecipeView */,
				1AC4432824D56F8B0032C4E3 /* RecipeView */,
				1AC4432324D5644B0032C4E3 /* RecipesListView */,
				1A1B402624B7B60700847E4C /* MenuView */,
				8A9C612324B65D0B000E337F /* ListHeaderView */,
				8A9C612224B65C81000E337F /* ListActionView */,
				1A20D3E024AA478D00C6633F /* IngredientsListView */,
				1A0CA11F24C20821003EDD47 /* TutorialView */,
			);
			path = Components;
			sourceTree = "<group>";
		};
		8AD4BC1224A7980B00F81AAF /* Delegates */ = {
			isa = PBXGroup;
			children = (
				8AD4BBE924A796E900F81AAF /* AppDelegate.swift */,
				8AD4BBEB24A796E900F81AAF /* SceneDelegate.swift */,
				8A381C3C24AA86120023A5CD /* HostingView.swift */,
			);
			path = Delegates;
			sourceTree = "<group>";
		};
		8AD4BC1324A7996000F81AAF /* Models */ = {
			isa = PBXGroup;
			children = (
				8A57BC3C24AE836700FB138B /* Data Models */,
				8AAEE48324A7A3BC0025D15D /* Ingredient.swift */,
				8AAC174124D57EBE004C6ADA /* Recipe.swift */,
				8AB2FEF624B7B46C002918AA /* ElencoList.swift */,
				8AB2FEFA24B88D22002918AA /* ElencoDefaults.swift */,
			);
			path = Models;
			sourceTree = "<group>";
		};
		8AD4BC1424A7996700F81AAF /* Services */ = {
			isa = PBXGroup;
			children = (
				8AAEE48724A7A8170025D15D /* IngredientAPIService.swift */,
			);
			path = Services;
			sourceTree = "<group>";
		};
/* End PBXGroup section */

/* Begin PBXNativeTarget section */
		8AD4BBE524A796E900F81AAF /* Elenco */ = {
			isa = PBXNativeTarget;
			buildConfigurationList = 8AD4BC0824A796F000F81AAF /* Build configuration list for PBXNativeTarget "Elenco" */;
			buildPhases = (
				8AD4BBE224A796E900F81AAF /* Sources */,
				8AD4BBE324A796E900F81AAF /* Frameworks */,
				8AD4BBE424A796E900F81AAF /* Resources */,
			);
			buildRules = (
			);
			dependencies = (
			);
			name = Elenco;
			productName = Elenco;
			productReference = 8AD4BBE624A796E900F81AAF /* Elenco.app */;
			productType = "com.apple.product-type.application";
		};
		8AD4BBFE24A796F000F81AAF /* ElencoTests */ = {
			isa = PBXNativeTarget;
			buildConfigurationList = 8AD4BC0B24A796F000F81AAF /* Build configuration list for PBXNativeTarget "ElencoTests" */;
			buildPhases = (
				8AD4BBFB24A796F000F81AAF /* Sources */,
				8AD4BBFC24A796F000F81AAF /* Frameworks */,
				8AD4BBFD24A796F000F81AAF /* Resources */,
			);
			buildRules = (
			);
			dependencies = (
				8AD4BC0124A796F000F81AAF /* PBXTargetDependency */,
			);
			name = ElencoTests;
			productName = ElencoTests;
			productReference = 8AD4BBFF24A796F000F81AAF /* ElencoTests.xctest */;
			productType = "com.apple.product-type.bundle.unit-test";
		};
/* End PBXNativeTarget section */

/* Begin PBXProject section */
		8AD4BBDE24A796E900F81AAF /* Project object */ = {
			isa = PBXProject;
			attributes = {
				LastSwiftUpdateCheck = 1150;
				LastUpgradeCheck = 1150;
				ORGANIZATIONNAME = Elenco;
				TargetAttributes = {
					8AD4BBE524A796E900F81AAF = {
						CreatedOnToolsVersion = 11.5;
					};
					8AD4BBFE24A796F000F81AAF = {
						CreatedOnToolsVersion = 11.5;
						TestTargetID = 8AD4BBE524A796E900F81AAF;
					};
				};
			};
			buildConfigurationList = 8AD4BBE124A796E900F81AAF /* Build configuration list for PBXProject "Elenco" */;
			compatibilityVersion = "Xcode 9.3";
			developmentRegion = en;
			hasScannedForEncodings = 0;
			knownRegions = (
				en,
				Base,
			);
			mainGroup = 8AD4BBDD24A796E900F81AAF;
			productRefGroup = 8AD4BBE724A796E900F81AAF /* Products */;
			projectDirPath = "";
			projectRoot = "";
			targets = (
				8AD4BBE524A796E900F81AAF /* Elenco */,
				8AD4BBFE24A796F000F81AAF /* ElencoTests */,
			);
		};
/* End PBXProject section */

/* Begin PBXResourcesBuildPhase section */
		8AD4BBE424A796E900F81AAF /* Resources */ = {
			isa = PBXResourcesBuildPhase;
			buildActionMask = 2147483647;
			files = (
				8AC3729424AB82BB002699F2 /* IngredientData.json in Resources */,
				8A381C3724AA1FD90023A5CD /* HelveticaNeue.ttc in Resources */,
				8AD4BBF924A796EF00F81AAF /* LaunchScreen.storyboard in Resources */,
				8AD4BBF624A796EF00F81AAF /* Preview Assets.xcassets in Resources */,
				8AD4BBF324A796EF00F81AAF /* Assets.xcassets in Resources */,
			);
			runOnlyForDeploymentPostprocessing = 0;
		};
		8AD4BBFD24A796F000F81AAF /* Resources */ = {
			isa = PBXResourcesBuildPhase;
			buildActionMask = 2147483647;
			files = (
			);
			runOnlyForDeploymentPostprocessing = 0;
		};
/* End PBXResourcesBuildPhase section */

/* Begin PBXSourcesBuildPhase section */
		8AD4BBE224A796E900F81AAF /* Sources */ = {
			isa = PBXSourcesBuildPhase;
			buildActionMask = 2147483647;
			files = (
				1A17AA6824ABDDB700893676 /* IngredientDataModel.swift in Sources */,
				1A8E31F324B86C49008D6624 /* ListStore+CoreDataClass.swift in Sources */,
				1AC4433924D8083F0032C4E3 /* AddIngredientCell.swift in Sources */,
				8AD4BBEF24A796E900F81AAF /* Elenco.xcdatamodeld in Sources */,
				1A8E31FA24B88787008D6624 /* MenuHeaderView.swift in Sources */,
				1AC4432724D56F7E0032C4E3 /* RecipeView.swift in Sources */,
				1A20D3E624AA4D6800C6633F /* IngredientSectionHeader.swift in Sources */,
				8AD4BBEA24A796E900F81AAF /* AppDelegate.swift in Sources */,
				8AB2FEFB24B88D22002918AA /* ElencoDefaults.swift in Sources */,
				8AAEE48424A7A3BC0025D15D /* Ingredient.swift in Sources */,
				1AC4432C24D580480032C4E3 /* RecipeHeaderView.swift in Sources */,
				1AC4434224D87FB30032C4E3 /* ElencoAlert.swift in Sources */,
				8AB367BD24B9ABCB00E795D5 /* UIApplication.swift in Sources */,
				1A0CA12124C20887003EDD47 /* TutorialView.swift in Sources */,
				8A381C4124AB44580023A5CD /* ListHolderDataModel.swift in Sources */,
				8AB2FEFD24B89580002918AA /* ActionViewButtonItem.swift in Sources */,
				1AC4432524D56EA70032C4E3 /* RecipeHolderDataModel.swift in Sources */,
				8A381C3D24AA86120023A5CD /* HostingView.swift in Sources */,
				1A1B402524B7B60000847E4C /* MenuView.swift in Sources */,
				8AB63CD724D6DE0D005FBAD0 /* ContentView.swift in Sources */,
				8A381C3F24AB42EF0023A5CD /* MyListHeaderView.swift in Sources */,
				8AAC174224D57EBE004C6ADA /* Recipe.swift in Sources */,
				1A8E31F624B886BA008D6624 /* MenuListsView.swift in Sources */,
				8AED6C8024AF56380056F901 /* UIDevice.swift in Sources */,
				1A49CE0424AB8B6900153D12 /* SortViewButtonItem.swift in Sources */,
				1AC4433724D808190032C4E3 /* AddRecipeCell.swift in Sources */,
				1A3C6E6A24C7813700E1D332 /* ActionCompleteView.swift in Sources */,
				8AD4BBEC24A796E900F81AAF /* SceneDelegate.swift in Sources */,
				8A9C611F24AFA149000E337F /* IngredientListTick.swift in Sources */,
				1A20D3E424AA490600C6633F /* IngredientListCell.swift in Sources */,
				8AD4BC0F24A7978000F81AAF /* ListHolderView.swift in Sources */,
				1AC4431E24D4271D0032C4E3 /* ElencoButton.swift in Sources */,
				1AC4433224D6E9840032C4E3 /* EditRecipeView.swift in Sources */,
				1A20D3D924AA20D000C6633F /* (null) in Sources */,
				1AC4433C24D834C50032C4E3 /* RecipesHeaderView.swift in Sources */,
				8AAC174B24D59514004C6ADA /* RecipeStore+CoreDataClass.swift in Sources */,
				1AC4434424D92EBF0032C4E3 /* ListViewSection.swift in Sources */,
				1A8E31F024B86B5F008D6624 /* IngredientStore+CoreDataProperties.swift in Sources */,
				1AC4432E24D58E1D0032C4E3 /* IngredientMethodPagerView.swift in Sources */,
				8AAEE48824A7A8170025D15D /* IngredientAPIService.swift in Sources */,
				1A12316C24C5B9AE001E0D79 /* IngredientPredictionTutorialView.swift in Sources */,
				1AC4433524D73C690032C4E3 /* RecipeListCell.swift in Sources */,
				8AAC174C24D59514004C6ADA /* RecipeStore+CoreDataProperties.swift in Sources */,
				8AB367C324BB3EEB00E795D5 /* CircularButton.swift in Sources */,
				8AB2FEF924B7C202002918AA /* ElencoListDataModel.swift in Sources */,
				8AB63CD524D6C309005FBAD0 /* EssentialsView.swift in Sources */,
				8A0DA72E24C70660001A5B0E /* View.swift in Sources */,
				8AB2FEF724B7B46C002918AA /* ElencoList.swift in Sources */,
				1A8E31F824B88748008D6624 /* MenuBackButton.swift in Sources */,
				8A057C1F24B7286000BDC888 /* String.swift in Sources */,
				1A8E31EF24B86B5F008D6624 /* IngredientStore+CoreDataClass.swift in Sources */,
				1AC4432224D564270032C4E3 /* RecipesListView.swift in Sources */,
				8A381C3924AA4E480023A5CD /* SemiBoldLabel.swift in Sources */,
				8AB367C124BB318100E795D5 /* ElencoTextField.swift in Sources */,
				1A8E31FC24B88B91008D6624 /* MenuIcon.swift in Sources */,
				8AEF2EEE24A7E5FB0071C69A /* AddIngredientView.swift in Sources */,
				1AC4433024D592330032C4E3 /* RecipeIngredientListView.swift in Sources */,
				1AC4432A24D57E1D0032C4E3 /* RecipeButton.swift in Sources */,
				8AB63CD924D6EAC6005FBAD0 /* ContentViewDataModel.swift in Sources */,
				1A20D3DF24AA401700C6633F /* IngredientsListView.swift in Sources */,
				8AE34E0824AD1AE2004651B5 /* AddIngredientTutorialView.swift in Sources */,
				8AAC174424D58836004C6ADA /* RecipeDataModel.swift in Sources */,
				1AC4434024D87F610032C4E3 /* RequirementToggleView.swift in Sources */,
				8AC3729924AB9E05002699F2 /* UIWindow.swift in Sources */,
				8AB63CDB24D6F10F005FBAD0 /* SettingsView.swift in Sources */,
				1A8E31FE24B8ACED008D6624 /* MenuViewListCell.swift in Sources */,
				1AC4433E24D87F180032C4E3 /* RecipeEditField.swift in Sources */,
				8ADB42F024C781E600EB6C8C /* WelcomeTutorialView.swift in Sources */,
				1A49CE0624AB8B8900153D12 /* ActionView.swift in Sources */,
				1A8E31F424B86C49008D6624 /* ListStore+CoreDataProperties.swift in Sources */,
				1A12316A24C5B8DD001E0D79 /* ElencoPagerView.swift in Sources */,
				8A2A5C2C24C5BACE00BB1AB2 /* MenuViewDataModel.swift in Sources */,
			);
			runOnlyForDeploymentPostprocessing = 0;
		};
		8AD4BBFB24A796F000F81AAF /* Sources */ = {
			isa = PBXSourcesBuildPhase;
			buildActionMask = 2147483647;
			files = (
				8AD4BC0424A796F000F81AAF /* ElencoTests.swift in Sources */,
			);
			runOnlyForDeploymentPostprocessing = 0;
		};
/* End PBXSourcesBuildPhase section */

/* Begin PBXTargetDependency section */
		8AD4BC0124A796F000F81AAF /* PBXTargetDependency */ = {
			isa = PBXTargetDependency;
			target = 8AD4BBE524A796E900F81AAF /* Elenco */;
			targetProxy = 8AD4BC0024A796F000F81AAF /* PBXContainerItemProxy */;
		};
/* End PBXTargetDependency section */

/* Begin PBXVariantGroup section */
		8AD4BBF724A796EF00F81AAF /* LaunchScreen.storyboard */ = {
			isa = PBXVariantGroup;
			children = (
				8AD4BBF824A796EF00F81AAF /* Base */,
			);
			name = LaunchScreen.storyboard;
			sourceTree = "<group>";
		};
/* End PBXVariantGroup section */

/* Begin XCBuildConfiguration section */
		8AD4BC0624A796F000F81AAF /* Debug */ = {
			isa = XCBuildConfiguration;
			buildSettings = {
				ALWAYS_SEARCH_USER_PATHS = NO;
				CLANG_ANALYZER_NONNULL = YES;
				CLANG_ANALYZER_NUMBER_OBJECT_CONVERSION = YES_AGGRESSIVE;
				CLANG_CXX_LANGUAGE_STANDARD = "gnu++14";
				CLANG_CXX_LIBRARY = "libc++";
				CLANG_ENABLE_MODULES = YES;
				CLANG_ENABLE_OBJC_ARC = YES;
				CLANG_ENABLE_OBJC_WEAK = YES;
				CLANG_WARN_BLOCK_CAPTURE_AUTORELEASING = YES;
				CLANG_WARN_BOOL_CONVERSION = YES;
				CLANG_WARN_COMMA = YES;
				CLANG_WARN_CONSTANT_CONVERSION = YES;
				CLANG_WARN_DEPRECATED_OBJC_IMPLEMENTATIONS = YES;
				CLANG_WARN_DIRECT_OBJC_ISA_USAGE = YES_ERROR;
				CLANG_WARN_DOCUMENTATION_COMMENTS = YES;
				CLANG_WARN_EMPTY_BODY = YES;
				CLANG_WARN_ENUM_CONVERSION = YES;
				CLANG_WARN_INFINITE_RECURSION = YES;
				CLANG_WARN_INT_CONVERSION = YES;
				CLANG_WARN_NON_LITERAL_NULL_CONVERSION = YES;
				CLANG_WARN_OBJC_IMPLICIT_RETAIN_SELF = YES;
				CLANG_WARN_OBJC_LITERAL_CONVERSION = YES;
				CLANG_WARN_OBJC_ROOT_CLASS = YES_ERROR;
				CLANG_WARN_RANGE_LOOP_ANALYSIS = YES;
				CLANG_WARN_STRICT_PROTOTYPES = YES;
				CLANG_WARN_SUSPICIOUS_MOVE = YES;
				CLANG_WARN_UNGUARDED_AVAILABILITY = YES_AGGRESSIVE;
				CLANG_WARN_UNREACHABLE_CODE = YES;
				CLANG_WARN__DUPLICATE_METHOD_MATCH = YES;
				COPY_PHASE_STRIP = NO;
				DEBUG_INFORMATION_FORMAT = dwarf;
				ENABLE_STRICT_OBJC_MSGSEND = YES;
				ENABLE_TESTABILITY = YES;
				GCC_C_LANGUAGE_STANDARD = gnu11;
				GCC_DYNAMIC_NO_PIC = NO;
				GCC_NO_COMMON_BLOCKS = YES;
				GCC_OPTIMIZATION_LEVEL = 0;
				GCC_PREPROCESSOR_DEFINITIONS = (
					"DEBUG=1",
					"$(inherited)",
				);
				GCC_WARN_64_TO_32_BIT_CONVERSION = YES;
				GCC_WARN_ABOUT_RETURN_TYPE = YES_ERROR;
				GCC_WARN_UNDECLARED_SELECTOR = YES;
				GCC_WARN_UNINITIALIZED_AUTOS = YES_AGGRESSIVE;
				GCC_WARN_UNUSED_FUNCTION = YES;
				GCC_WARN_UNUSED_VARIABLE = YES;
				IPHONEOS_DEPLOYMENT_TARGET = 13.5;
				MTL_ENABLE_DEBUG_INFO = INCLUDE_SOURCE;
				MTL_FAST_MATH = YES;
				ONLY_ACTIVE_ARCH = YES;
				SDKROOT = iphoneos;
				SWIFT_ACTIVE_COMPILATION_CONDITIONS = DEBUG;
				SWIFT_OPTIMIZATION_LEVEL = "-Onone";
			};
			name = Debug;
		};
		8AD4BC0724A796F000F81AAF /* Release */ = {
			isa = XCBuildConfiguration;
			buildSettings = {
				ALWAYS_SEARCH_USER_PATHS = NO;
				CLANG_ANALYZER_NONNULL = YES;
				CLANG_ANALYZER_NUMBER_OBJECT_CONVERSION = YES_AGGRESSIVE;
				CLANG_CXX_LANGUAGE_STANDARD = "gnu++14";
				CLANG_CXX_LIBRARY = "libc++";
				CLANG_ENABLE_MODULES = YES;
				CLANG_ENABLE_OBJC_ARC = YES;
				CLANG_ENABLE_OBJC_WEAK = YES;
				CLANG_WARN_BLOCK_CAPTURE_AUTORELEASING = YES;
				CLANG_WARN_BOOL_CONVERSION = YES;
				CLANG_WARN_COMMA = YES;
				CLANG_WARN_CONSTANT_CONVERSION = YES;
				CLANG_WARN_DEPRECATED_OBJC_IMPLEMENTATIONS = YES;
				CLANG_WARN_DIRECT_OBJC_ISA_USAGE = YES_ERROR;
				CLANG_WARN_DOCUMENTATION_COMMENTS = YES;
				CLANG_WARN_EMPTY_BODY = YES;
				CLANG_WARN_ENUM_CONVERSION = YES;
				CLANG_WARN_INFINITE_RECURSION = YES;
				CLANG_WARN_INT_CONVERSION = YES;
				CLANG_WARN_NON_LITERAL_NULL_CONVERSION = YES;
				CLANG_WARN_OBJC_IMPLICIT_RETAIN_SELF = YES;
				CLANG_WARN_OBJC_LITERAL_CONVERSION = YES;
				CLANG_WARN_OBJC_ROOT_CLASS = YES_ERROR;
				CLANG_WARN_RANGE_LOOP_ANALYSIS = YES;
				CLANG_WARN_STRICT_PROTOTYPES = YES;
				CLANG_WARN_SUSPICIOUS_MOVE = YES;
				CLANG_WARN_UNGUARDED_AVAILABILITY = YES_AGGRESSIVE;
				CLANG_WARN_UNREACHABLE_CODE = YES;
				CLANG_WARN__DUPLICATE_METHOD_MATCH = YES;
				COPY_PHASE_STRIP = NO;
				DEBUG_INFORMATION_FORMAT = "dwarf-with-dsym";
				ENABLE_NS_ASSERTIONS = NO;
				ENABLE_STRICT_OBJC_MSGSEND = YES;
				GCC_C_LANGUAGE_STANDARD = gnu11;
				GCC_NO_COMMON_BLOCKS = YES;
				GCC_WARN_64_TO_32_BIT_CONVERSION = YES;
				GCC_WARN_ABOUT_RETURN_TYPE = YES_ERROR;
				GCC_WARN_UNDECLARED_SELECTOR = YES;
				GCC_WARN_UNINITIALIZED_AUTOS = YES_AGGRESSIVE;
				GCC_WARN_UNUSED_FUNCTION = YES;
				GCC_WARN_UNUSED_VARIABLE = YES;
				IPHONEOS_DEPLOYMENT_TARGET = 13.5;
				MTL_ENABLE_DEBUG_INFO = NO;
				MTL_FAST_MATH = YES;
				SDKROOT = iphoneos;
				SWIFT_COMPILATION_MODE = wholemodule;
				SWIFT_OPTIMIZATION_LEVEL = "-O";
				VALIDATE_PRODUCT = YES;
			};
			name = Release;
		};
		8AD4BC0924A796F000F81AAF /* Debug */ = {
			isa = XCBuildConfiguration;
			buildSettings = {
				ASSETCATALOG_COMPILER_APPICON_NAME = AppIcon;
				CODE_SIGN_STYLE = Automatic;
				CURRENT_PROJECT_VERSION = 1;
				DEVELOPMENT_ASSET_PATHS = "\"Elenco/Preview Content\"";
				DEVELOPMENT_TEAM = PYU3ATJWUG;
				ENABLE_PREVIEWS = YES;
				INFOPLIST_FILE = Elenco/Info.plist;
				LD_RUNPATH_SEARCH_PATHS = (
					"$(inherited)",
					"@executable_path/Frameworks",
				);
				MARKETING_VERSION = 1.2;
				PRODUCT_BUNDLE_IDENTIFIER = com.Kenyon.James.Elenco;
				PRODUCT_NAME = "$(TARGET_NAME)";
				SWIFT_VERSION = 5.0;
				TARGETED_DEVICE_FAMILY = "1,2";
			};
			name = Debug;
		};
		8AD4BC0A24A796F000F81AAF /* Release */ = {
			isa = XCBuildConfiguration;
			buildSettings = {
				ASSETCATALOG_COMPILER_APPICON_NAME = AppIcon;
				CODE_SIGN_STYLE = Automatic;
				CURRENT_PROJECT_VERSION = 1;
				DEVELOPMENT_ASSET_PATHS = "\"Elenco/Preview Content\"";
				DEVELOPMENT_TEAM = PYU3ATJWUG;
				ENABLE_PREVIEWS = YES;
				INFOPLIST_FILE = Elenco/Info.plist;
				LD_RUNPATH_SEARCH_PATHS = (
					"$(inherited)",
					"@executable_path/Frameworks",
				);
				MARKETING_VERSION = 1.2;
				PRODUCT_BUNDLE_IDENTIFIER = com.Kenyon.James.Elenco;
				PRODUCT_NAME = "$(TARGET_NAME)";
				SWIFT_VERSION = 5.0;
				TARGETED_DEVICE_FAMILY = "1,2";
			};
			name = Release;
		};
		8AD4BC0C24A796F000F81AAF /* Debug */ = {
			isa = XCBuildConfiguration;
			buildSettings = {
				ALWAYS_EMBED_SWIFT_STANDARD_LIBRARIES = YES;
				BUNDLE_LOADER = "$(TEST_HOST)";
				CODE_SIGN_STYLE = Automatic;
				DEVELOPMENT_TEAM = 35QRR5FFAE;
				INFOPLIST_FILE = ElencoTests/Info.plist;
				IPHONEOS_DEPLOYMENT_TARGET = 13.5;
				LD_RUNPATH_SEARCH_PATHS = (
					"$(inherited)",
					"@executable_path/Frameworks",
					"@loader_path/Frameworks",
				);
				PRODUCT_BUNDLE_IDENTIFIER = com.Kenyon.James.ElencoTests;
				PRODUCT_NAME = "$(TARGET_NAME)";
				SWIFT_VERSION = 5.0;
				TARGETED_DEVICE_FAMILY = "1,2";
				TEST_HOST = "$(BUILT_PRODUCTS_DIR)/Elenco.app/Elenco";
			};
			name = Debug;
		};
		8AD4BC0D24A796F000F81AAF /* Release */ = {
			isa = XCBuildConfiguration;
			buildSettings = {
				ALWAYS_EMBED_SWIFT_STANDARD_LIBRARIES = YES;
				BUNDLE_LOADER = "$(TEST_HOST)";
				CODE_SIGN_STYLE = Automatic;
				DEVELOPMENT_TEAM = 35QRR5FFAE;
				INFOPLIST_FILE = ElencoTests/Info.plist;
				IPHONEOS_DEPLOYMENT_TARGET = 13.5;
				LD_RUNPATH_SEARCH_PATHS = (
					"$(inherited)",
					"@executable_path/Frameworks",
					"@loader_path/Frameworks",
				);
				PRODUCT_BUNDLE_IDENTIFIER = com.Kenyon.James.ElencoTests;
				PRODUCT_NAME = "$(TARGET_NAME)";
				SWIFT_VERSION = 5.0;
				TARGETED_DEVICE_FAMILY = "1,2";
				TEST_HOST = "$(BUILT_PRODUCTS_DIR)/Elenco.app/Elenco";
			};
			name = Release;
		};
/* End XCBuildConfiguration section */

/* Begin XCConfigurationList section */
		8AD4BBE124A796E900F81AAF /* Build configuration list for PBXProject "Elenco" */ = {
			isa = XCConfigurationList;
			buildConfigurations = (
				8AD4BC0624A796F000F81AAF /* Debug */,
				8AD4BC0724A796F000F81AAF /* Release */,
			);
			defaultConfigurationIsVisible = 0;
			defaultConfigurationName = Release;
		};
		8AD4BC0824A796F000F81AAF /* Build configuration list for PBXNativeTarget "Elenco" */ = {
			isa = XCConfigurationList;
			buildConfigurations = (
				8AD4BC0924A796F000F81AAF /* Debug */,
				8AD4BC0A24A796F000F81AAF /* Release */,
			);
			defaultConfigurationIsVisible = 0;
			defaultConfigurationName = Release;
		};
		8AD4BC0B24A796F000F81AAF /* Build configuration list for PBXNativeTarget "ElencoTests" */ = {
			isa = XCConfigurationList;
			buildConfigurations = (
				8AD4BC0C24A796F000F81AAF /* Debug */,
				8AD4BC0D24A796F000F81AAF /* Release */,
			);
			defaultConfigurationIsVisible = 0;
			defaultConfigurationName = Release;
		};
/* End XCConfigurationList section */

/* Begin XCVersionGroup section */
		8AD4BBED24A796E900F81AAF /* Elenco.xcdatamodeld */ = {
			isa = XCVersionGroup;
			children = (
				8AD4BBEE24A796E900F81AAF /* Elenco.xcdatamodel */,
			);
			currentVersion = 8AD4BBEE24A796E900F81AAF /* Elenco.xcdatamodel */;
			path = Elenco.xcdatamodeld;
			sourceTree = "<group>";
			versionGroupType = wrapper.xcdatamodel;
		};
/* End XCVersionGroup section */
	};
	rootObject = 8AD4BBDE24A796E900F81AAF /* Project object */;
}
